// !$*UTF8*$!
{
	archiveVersion = 1;
	classes = {
	};
	objectVersion = 51;
	objects = {

/* Begin PBXBuildFile section */
		6F07268C2392FEE10096A33E /* GradientView.swift in Sources */ = {isa = PBXBuildFile; fileRef = 6F07268B2392FEE10096A33E /* GradientView.swift */; };
		6F07268E2394A51E0096A33E /* ConfigurationController.swift in Sources */ = {isa = PBXBuildFile; fileRef = 6F07268D2394A51E0096A33E /* ConfigurationController.swift */; };
		6F0726902394A5360096A33E /* FavoritesController.swift in Sources */ = {isa = PBXBuildFile; fileRef = 6F07268F2394A5360096A33E /* FavoritesController.swift */; };
		6F0726922394A7300096A33E /* TabBaseController.swift in Sources */ = {isa = PBXBuildFile; fileRef = 6F0726912394A7300096A33E /* TabBaseController.swift */; };
		6F0726952394B6930096A33E /* TabBarController.swift in Sources */ = {isa = PBXBuildFile; fileRef = 6F0726942394B6930096A33E /* TabBarController.swift */; };
		6F0726972394BEF10096A33E /* Favorites.swift in Sources */ = {isa = PBXBuildFile; fileRef = 6F0726962394BEF10096A33E /* Favorites.swift */; };
		6F0726992394DDA80096A33E /* MoviesListControllerSpec.swift in Sources */ = {isa = PBXBuildFile; fileRef = 6F0726982394DDA80096A33E /* MoviesListControllerSpec.swift */; };
		6F07269E2394E8190096A33E /* main.swift in Sources */ = {isa = PBXBuildFile; fileRef = 6F07269D2394E8190096A33E /* main.swift */; };
		6F0726A12394ECE80096A33E /* WindowHelper.swift in Sources */ = {isa = PBXBuildFile; fileRef = 6F0726A02394ECE80096A33E /* WindowHelper.swift */; };
		6F3065BC2385C8F900446A48 /* GenreViewModel.swift in Sources */ = {isa = PBXBuildFile; fileRef = 6F3065BB2385C8F900446A48 /* GenreViewModel.swift */; };
		6F3065BE2385C90900446A48 /* MovieViewModel.swift in Sources */ = {isa = PBXBuildFile; fileRef = 6F3065BD2385C90900446A48 /* MovieViewModel.swift */; };
		6F3065C02385CDE800446A48 /* GenreAPI.swift in Sources */ = {isa = PBXBuildFile; fileRef = 6F3065BF2385CDE800446A48 /* GenreAPI.swift */; };
		6F3065C32385CF6A00446A48 /* JSONDecoder+Extension.swift in Sources */ = {isa = PBXBuildFile; fileRef = 6F3065C22385CF6A00446A48 /* JSONDecoder+Extension.swift */; };
		6F3065C52385D6DA00446A48 /* MoviesListController.swift in Sources */ = {isa = PBXBuildFile; fileRef = 6F3065C42385D6DA00446A48 /* MoviesListController.swift */; };
		6F3065C72385D6F400446A48 /* MovieDetailController.swift in Sources */ = {isa = PBXBuildFile; fileRef = 6F3065C62385D6F400446A48 /* MovieDetailController.swift */; };
		6F3065C92385D71900446A48 /* MovieListAPI.swift in Sources */ = {isa = PBXBuildFile; fileRef = 6F3065C82385D71900446A48 /* MovieListAPI.swift */; };
		6F3065CD23863D6D00446A48 /* MoviesList.swift in Sources */ = {isa = PBXBuildFile; fileRef = 6F3065CC23863D6D00446A48 /* MoviesList.swift */; };
		6F3065CF23863E9300446A48 /* MoviesListViewModel.swift in Sources */ = {isa = PBXBuildFile; fileRef = 6F3065CE23863E9300446A48 /* MoviesListViewModel.swift */; };
		6F3704B92388A4EC0080E25E /* DSTheme.swift in Sources */ = {isa = PBXBuildFile; fileRef = 6F3704B82388A4EC0080E25E /* DSTheme.swift */; };
		6F3704C3238AE72D0080E25E /* GenresList.swift in Sources */ = {isa = PBXBuildFile; fileRef = 6F3704C2238AE72D0080E25E /* GenresList.swift */; };
		6F3704C5238AE7A50080E25E /* GenresListViewModel.swift in Sources */ = {isa = PBXBuildFile; fileRef = 6F3704C4238AE7A50080E25E /* GenresListViewModel.swift */; };
		6F49DAAF240B060700E4CE48 /* MovieCellView.swift in Sources */ = {isa = PBXBuildFile; fileRef = 6F49DAAE240B060700E4CE48 /* MovieCellView.swift */; };
		6F49DAB1240B5D7200E4CE48 /* MovieLoadingCellView.swift in Sources */ = {isa = PBXBuildFile; fileRef = 6F49DAB0240B5D7200E4CE48 /* MovieLoadingCellView.swift */; };
		6F49DAB4240C308A00E4CE48 /* Favorites.strings in Resources */ = {isa = PBXBuildFile; fileRef = 6F49DAB3240C308A00E4CE48 /* Favorites.strings */; };
		6FABA8F9238896E3000BAD47 /* UIColor+Extension.swift in Sources */ = {isa = PBXBuildFile; fileRef = 6FABA8F8238896E3000BAD47 /* UIColor+Extension.swift */; };
		6FAFAC30238657BE0095609E /* R.generated.swift in Sources */ = {isa = PBXBuildFile; fileRef = 6FAFAC2F238657BE0095609E /* R.generated.swift */; };
		6FAFAC3223865AC30095609E /* ImageWorker.swift in Sources */ = {isa = PBXBuildFile; fileRef = 6FAFAC3123865AC30095609E /* ImageWorker.swift */; };
		6FC8F3582385B3D40075E6F4 /* AppDelegate.swift in Sources */ = {isa = PBXBuildFile; fileRef = 6FC8F3572385B3D40075E6F4 /* AppDelegate.swift */; };
		6FC8F35D2385B3D40075E6F4 /* Main.storyboard in Resources */ = {isa = PBXBuildFile; fileRef = 6FC8F35B2385B3D40075E6F4 /* Main.storyboard */; };
		6FC8F35F2385B3D60075E6F4 /* Assets.xcassets in Resources */ = {isa = PBXBuildFile; fileRef = 6FC8F35E2385B3D60075E6F4 /* Assets.xcassets */; };
		6FC8F3622385B3D60075E6F4 /* LaunchScreen.storyboard in Resources */ = {isa = PBXBuildFile; fileRef = 6FC8F3602385B3D60075E6F4 /* LaunchScreen.storyboard */; };
		6FEAE6402385B5F600E4F047 /* Genre.swift in Sources */ = {isa = PBXBuildFile; fileRef = 6FEAE63F2385B5F600E4F047 /* Genre.swift */; };
		6FEAE6422385B69000E4F047 /* Movie.swift in Sources */ = {isa = PBXBuildFile; fileRef = 6FEAE6412385B69000E4F047 /* Movie.swift */; };
		6FFF4E532411D21800D0FACC /* StackScrollView.swift in Sources */ = {isa = PBXBuildFile; fileRef = 6FFF4E522411D21800D0FACC /* StackScrollView.swift */; };
		6FFF4E562411DBDE00D0FACC /* MovieDetailHeaderView.swift in Sources */ = {isa = PBXBuildFile; fileRef = 6FFF4E552411DBDE00D0FACC /* MovieDetailHeaderView.swift */; };
		6FFF4E582411DBF100D0FACC /* MovieDetailBodyView.swift in Sources */ = {isa = PBXBuildFile; fileRef = 6FFF4E572411DBF100D0FACC /* MovieDetailBodyView.swift */; };
		6FFF4E5A2411EE3E00D0FACC /* MovieDetail2Controller.swift in Sources */ = {isa = PBXBuildFile; fileRef = 6FFF4E592411EE3E00D0FACC /* MovieDetail2Controller.swift */; };
		6FFF4E5C241203BB00D0FACC /* MovieDetailBackgroundView.swift in Sources */ = {isa = PBXBuildFile; fileRef = 6FFF4E5B241203BB00D0FACC /* MovieDetailBackgroundView.swift */; };
		8877140E652E20D82CD89582 /* Pods_movie_listTests.framework in Frameworks */ = {isa = PBXBuildFile; fileRef = 0E6D61F3D525DAAC54C65CB3 /* Pods_movie_listTests.framework */; };
		A38E348F88D4AC59DF94BAD7 /* Pods_movie_list.framework in Frameworks */ = {isa = PBXBuildFile; fileRef = 2AB4D4F6B5B3404130692D91 /* Pods_movie_list.framework */; };
/* End PBXBuildFile section */

/* Begin PBXContainerItemProxy section */
		6FC8F3692385B3D60075E6F4 /* PBXContainerItemProxy */ = {
			isa = PBXContainerItemProxy;
			containerPortal = 6FC8F34C2385B3D40075E6F4 /* Project object */;
			proxyType = 1;
			remoteGlobalIDString = 6FC8F3532385B3D40075E6F4;
			remoteInfo = "movie-list";
		};
/* End PBXContainerItemProxy section */

/* Begin PBXFileReference section */
		0E6D61F3D525DAAC54C65CB3 /* Pods_movie_listTests.framework */ = {isa = PBXFileReference; explicitFileType = wrapper.framework; includeInIndex = 0; path = Pods_movie_listTests.framework; sourceTree = BUILT_PRODUCTS_DIR; };
		1231283FCFD15895A59D9A26 /* Pods-movie-list.debug.xcconfig */ = {isa = PBXFileReference; includeInIndex = 1; lastKnownFileType = text.xcconfig; name = "Pods-movie-list.debug.xcconfig"; path = "Target Support Files/Pods-movie-list/Pods-movie-list.debug.xcconfig"; sourceTree = "<group>"; };
		12B3EF00C89766BD677555D0 /* Pods-movie-listTests.release.xcconfig */ = {isa = PBXFileReference; includeInIndex = 1; lastKnownFileType = text.xcconfig; name = "Pods-movie-listTests.release.xcconfig"; path = "Target Support Files/Pods-movie-listTests/Pods-movie-listTests.release.xcconfig"; sourceTree = "<group>"; };
		2AB4D4F6B5B3404130692D91 /* Pods_movie_list.framework */ = {isa = PBXFileReference; explicitFileType = wrapper.framework; includeInIndex = 0; path = Pods_movie_list.framework; sourceTree = BUILT_PRODUCTS_DIR; };
		5B9CD08D2B822633F2DF08B7 /* Pods-movie-listTests.debug.xcconfig */ = {isa = PBXFileReference; includeInIndex = 1; lastKnownFileType = text.xcconfig; name = "Pods-movie-listTests.debug.xcconfig"; path = "Target Support Files/Pods-movie-listTests/Pods-movie-listTests.debug.xcconfig"; sourceTree = "<group>"; };
		6F07268B2392FEE10096A33E /* GradientView.swift */ = {isa = PBXFileReference; lastKnownFileType = sourcecode.swift; path = GradientView.swift; sourceTree = "<group>"; };
		6F07268D2394A51E0096A33E /* ConfigurationController.swift */ = {isa = PBXFileReference; lastKnownFileType = sourcecode.swift; path = ConfigurationController.swift; sourceTree = "<group>"; };
		6F07268F2394A5360096A33E /* FavoritesController.swift */ = {isa = PBXFileReference; lastKnownFileType = sourcecode.swift; path = FavoritesController.swift; sourceTree = "<group>"; };
		6F0726912394A7300096A33E /* TabBaseController.swift */ = {isa = PBXFileReference; lastKnownFileType = sourcecode.swift; path = TabBaseController.swift; sourceTree = "<group>"; };
		6F0726942394B6930096A33E /* TabBarController.swift */ = {isa = PBXFileReference; lastKnownFileType = sourcecode.swift; path = TabBarController.swift; sourceTree = "<group>"; };
		6F0726962394BEF10096A33E /* Favorites.swift */ = {isa = PBXFileReference; lastKnownFileType = sourcecode.swift; path = Favorites.swift; sourceTree = "<group>"; };
		6F0726982394DDA80096A33E /* MoviesListControllerSpec.swift */ = {isa = PBXFileReference; lastKnownFileType = sourcecode.swift; path = MoviesListControllerSpec.swift; sourceTree = "<group>"; };
		6F07269D2394E8190096A33E /* main.swift */ = {isa = PBXFileReference; lastKnownFileType = sourcecode.swift; path = main.swift; sourceTree = "<group>"; };
		6F0726A02394ECE80096A33E /* WindowHelper.swift */ = {isa = PBXFileReference; lastKnownFileType = sourcecode.swift; path = WindowHelper.swift; sourceTree = "<group>"; };
		6F3065BB2385C8F900446A48 /* GenreViewModel.swift */ = {isa = PBXFileReference; lastKnownFileType = sourcecode.swift; path = GenreViewModel.swift; sourceTree = "<group>"; };
		6F3065BD2385C90900446A48 /* MovieViewModel.swift */ = {isa = PBXFileReference; lastKnownFileType = sourcecode.swift; path = MovieViewModel.swift; sourceTree = "<group>"; };
		6F3065BF2385CDE800446A48 /* GenreAPI.swift */ = {isa = PBXFileReference; lastKnownFileType = sourcecode.swift; path = GenreAPI.swift; sourceTree = "<group>"; };
		6F3065C22385CF6A00446A48 /* JSONDecoder+Extension.swift */ = {isa = PBXFileReference; lastKnownFileType = sourcecode.swift; path = "JSONDecoder+Extension.swift"; sourceTree = "<group>"; };
		6F3065C42385D6DA00446A48 /* MoviesListController.swift */ = {isa = PBXFileReference; lastKnownFileType = sourcecode.swift; path = MoviesListController.swift; sourceTree = "<group>"; };
		6F3065C62385D6F400446A48 /* MovieDetailController.swift */ = {isa = PBXFileReference; lastKnownFileType = sourcecode.swift; path = MovieDetailController.swift; sourceTree = "<group>"; };
		6F3065C82385D71900446A48 /* MovieListAPI.swift */ = {isa = PBXFileReference; lastKnownFileType = sourcecode.swift; path = MovieListAPI.swift; sourceTree = "<group>"; };
		6F3065CC23863D6D00446A48 /* MoviesList.swift */ = {isa = PBXFileReference; lastKnownFileType = sourcecode.swift; path = MoviesList.swift; sourceTree = "<group>"; };
		6F3065CE23863E9300446A48 /* MoviesListViewModel.swift */ = {isa = PBXFileReference; lastKnownFileType = sourcecode.swift; path = MoviesListViewModel.swift; sourceTree = "<group>"; };
		6F3704B82388A4EC0080E25E /* DSTheme.swift */ = {isa = PBXFileReference; lastKnownFileType = sourcecode.swift; path = DSTheme.swift; sourceTree = "<group>"; };
		6F3704C2238AE72D0080E25E /* GenresList.swift */ = {isa = PBXFileReference; lastKnownFileType = sourcecode.swift; path = GenresList.swift; sourceTree = "<group>"; };
		6F3704C4238AE7A50080E25E /* GenresListViewModel.swift */ = {isa = PBXFileReference; lastKnownFileType = sourcecode.swift; path = GenresListViewModel.swift; sourceTree = "<group>"; };
		6F49DAAE240B060700E4CE48 /* MovieCellView.swift */ = {isa = PBXFileReference; lastKnownFileType = sourcecode.swift; path = MovieCellView.swift; sourceTree = "<group>"; };
		6F49DAB0240B5D7200E4CE48 /* MovieLoadingCellView.swift */ = {isa = PBXFileReference; lastKnownFileType = sourcecode.swift; path = MovieLoadingCellView.swift; sourceTree = "<group>"; };
		6F49DAB3240C308A00E4CE48 /* Favorites.strings */ = {isa = PBXFileReference; lastKnownFileType = text.plist.strings; path = Favorites.strings; sourceTree = "<group>"; };
		6FABA8F8238896E3000BAD47 /* UIColor+Extension.swift */ = {isa = PBXFileReference; lastKnownFileType = sourcecode.swift; path = "UIColor+Extension.swift"; sourceTree = "<group>"; };
		6FAFAC2F238657BE0095609E /* R.generated.swift */ = {isa = PBXFileReference; fileEncoding = 4; lastKnownFileType = sourcecode.swift; path = R.generated.swift; sourceTree = SOURCE_ROOT; };
		6FAFAC3123865AC30095609E /* ImageWorker.swift */ = {isa = PBXFileReference; lastKnownFileType = sourcecode.swift; path = ImageWorker.swift; sourceTree = "<group>"; };
		6FC8F3542385B3D40075E6F4 /* movie-list.app */ = {isa = PBXFileReference; explicitFileType = wrapper.application; includeInIndex = 0; path = "movie-list.app"; sourceTree = BUILT_PRODUCTS_DIR; };
		6FC8F3572385B3D40075E6F4 /* AppDelegate.swift */ = {isa = PBXFileReference; lastKnownFileType = sourcecode.swift; path = AppDelegate.swift; sourceTree = "<group>"; };
		6FC8F35C2385B3D40075E6F4 /* Base */ = {isa = PBXFileReference; lastKnownFileType = file.storyboard; name = Base; path = Base.lproj/Main.storyboard; sourceTree = "<group>"; };
		6FC8F35E2385B3D60075E6F4 /* Assets.xcassets */ = {isa = PBXFileReference; lastKnownFileType = folder.assetcatalog; path = Assets.xcassets; sourceTree = "<group>"; };
		6FC8F3612385B3D60075E6F4 /* Base */ = {isa = PBXFileReference; lastKnownFileType = file.storyboard; name = Base; path = Base.lproj/LaunchScreen.storyboard; sourceTree = "<group>"; };
		6FC8F3632385B3D60075E6F4 /* Info.plist */ = {isa = PBXFileReference; lastKnownFileType = text.plist.xml; path = Info.plist; sourceTree = "<group>"; };
		6FC8F3682385B3D60075E6F4 /* movie-listTests.xctest */ = {isa = PBXFileReference; explicitFileType = wrapper.cfbundle; includeInIndex = 0; path = "movie-listTests.xctest"; sourceTree = BUILT_PRODUCTS_DIR; };
		6FC8F36E2385B3D60075E6F4 /* Info.plist */ = {isa = PBXFileReference; lastKnownFileType = text.plist.xml; path = Info.plist; sourceTree = "<group>"; };
		6FEAE63F2385B5F600E4F047 /* Genre.swift */ = {isa = PBXFileReference; lastKnownFileType = sourcecode.swift; path = Genre.swift; sourceTree = "<group>"; };
		6FEAE6412385B69000E4F047 /* Movie.swift */ = {isa = PBXFileReference; lastKnownFileType = sourcecode.swift; path = Movie.swift; sourceTree = "<group>"; };
		6FFF4E522411D21800D0FACC /* StackScrollView.swift */ = {isa = PBXFileReference; lastKnownFileType = sourcecode.swift; path = StackScrollView.swift; sourceTree = "<group>"; };
		6FFF4E552411DBDE00D0FACC /* MovieDetailHeaderView.swift */ = {isa = PBXFileReference; lastKnownFileType = sourcecode.swift; path = MovieDetailHeaderView.swift; sourceTree = "<group>"; };
		6FFF4E572411DBF100D0FACC /* MovieDetailBodyView.swift */ = {isa = PBXFileReference; lastKnownFileType = sourcecode.swift; path = MovieDetailBodyView.swift; sourceTree = "<group>"; };
		6FFF4E592411EE3E00D0FACC /* MovieDetail2Controller.swift */ = {isa = PBXFileReference; lastKnownFileType = sourcecode.swift; path = MovieDetail2Controller.swift; sourceTree = "<group>"; };
		6FFF4E5B241203BB00D0FACC /* MovieDetailBackgroundView.swift */ = {isa = PBXFileReference; lastKnownFileType = sourcecode.swift; path = MovieDetailBackgroundView.swift; sourceTree = "<group>"; };
		C56BD5F75419BE05815AA4EB /* Pods-movie-list.release.xcconfig */ = {isa = PBXFileReference; includeInIndex = 1; lastKnownFileType = text.xcconfig; name = "Pods-movie-list.release.xcconfig"; path = "Target Support Files/Pods-movie-list/Pods-movie-list.release.xcconfig"; sourceTree = "<group>"; };
/* End PBXFileReference section */

/* Begin PBXFrameworksBuildPhase section */
		6FC8F3512385B3D40075E6F4 /* Frameworks */ = {
			isa = PBXFrameworksBuildPhase;
			buildActionMask = 2147483647;
			files = (
				A38E348F88D4AC59DF94BAD7 /* Pods_movie_list.framework in Frameworks */,
			);
			runOnlyForDeploymentPostprocessing = 0;
		};
		6FC8F3652385B3D60075E6F4 /* Frameworks */ = {
			isa = PBXFrameworksBuildPhase;
			buildActionMask = 2147483647;
			files = (
				8877140E652E20D82CD89582 /* Pods_movie_listTests.framework in Frameworks */,
			);
			runOnlyForDeploymentPostprocessing = 0;
		};
/* End PBXFrameworksBuildPhase section */

/* Begin PBXGroup section */
		6F0726932394A74C0096A33E /* Tabs */ = {
			isa = PBXGroup;
			children = (
				6F0726942394B6930096A33E /* TabBarController.swift */,
				6F0726912394A7300096A33E /* TabBaseController.swift */,
				6F07268D2394A51E0096A33E /* ConfigurationController.swift */,
				6F07268F2394A5360096A33E /* FavoritesController.swift */,
				6F3065C42385D6DA00446A48 /* MoviesListController.swift */,
			);
			path = Tabs;
			sourceTree = "<group>";
		};
		6F07269A2394DDBD0096A33E /* Controllers */ = {
			isa = PBXGroup;
			children = (
				6F0726982394DDA80096A33E /* MoviesListControllerSpec.swift */,
			);
			path = Controllers;
			sourceTree = "<group>";
		};
		6F07269F2394ECDB0096A33E /* Helpers */ = {
			isa = PBXGroup;
			children = (
				6F0726A02394ECE80096A33E /* WindowHelper.swift */,
			);
			path = Helpers;
			sourceTree = "<group>";
		};
		6F3065BA2385C65400446A48 /* API */ = {
			isa = PBXGroup;
			children = (
				6F3065BF2385CDE800446A48 /* GenreAPI.swift */,
				6F3065C82385D71900446A48 /* MovieListAPI.swift */,
			);
			path = API;
			sourceTree = "<group>";
		};
		6F3065C12385CF3700446A48 /* Utils */ = {
			isa = PBXGroup;
			children = (
				6FAFAC3123865AC30095609E /* ImageWorker.swift */,
			);
			path = Utils;
			sourceTree = "<group>";
		};
		6F3704B723889FDC0080E25E /* Common */ = {
			isa = PBXGroup;
			children = (
				6FC8F3572385B3D40075E6F4 /* AppDelegate.swift */,
				6F3704B82388A4EC0080E25E /* DSTheme.swift */,
				6F0726962394BEF10096A33E /* Favorites.swift */,
			);
			path = Common;
			sourceTree = "<group>";
		};
		6F3704BC2388B4D60080E25E /* Extension */ = {
			isa = PBXGroup;
			children = (
				6F3065C22385CF6A00446A48 /* JSONDecoder+Extension.swift */,
				6FABA8F8238896E3000BAD47 /* UIColor+Extension.swift */,
			);
			path = Extension;
			sourceTree = "<group>";
		};
		6F49DAB2240C303400E4CE48 /* Strings */ = {
			isa = PBXGroup;
			children = (
				6F49DAB3240C308A00E4CE48 /* Favorites.strings */,
			);
			path = Strings;
			sourceTree = "<group>";
		};
		6FC8F34B2385B3D40075E6F4 = {
			isa = PBXGroup;
			children = (
				6FC8F3562385B3D40075E6F4 /* movie-list */,
				6FC8F36B2385B3D60075E6F4 /* movie-listTests */,
				6FC8F3552385B3D40075E6F4 /* Products */,
				A64A13CE29287CC5E8D5CB08 /* Pods */,
				D11D950D8CC21358E4D87164 /* Frameworks */,
			);
			sourceTree = "<group>";
		};
		6FC8F3552385B3D40075E6F4 /* Products */ = {
			isa = PBXGroup;
			children = (
				6FC8F3542385B3D40075E6F4 /* movie-list.app */,
				6FC8F3682385B3D60075E6F4 /* movie-listTests.xctest */,
			);
			name = Products;
			sourceTree = "<group>";
		};
		6FC8F3562385B3D40075E6F4 /* movie-list */ = {
			isa = PBXGroup;
			children = (
				6F07269D2394E8190096A33E /* main.swift */,
				6F3065BA2385C65400446A48 /* API */,
				6F3704B723889FDC0080E25E /* Common */,
				6FEAE6452385B6B300E4F047 /* Controller */,
				6F3704BC2388B4D60080E25E /* Extension */,
				6FEAE63E2385B57500E4F047 /* Model */,
				6FEAE6462385B6C500E4F047 /* Resources */,
				6F3065C12385CF3700446A48 /* Utils */,
				6FEAE6442385B6A100E4F047 /* View */,
				6FEAE6432385B69A00E4F047 /* ViewModel */,
			);
			path = "movie-list";
			sourceTree = "<group>";
		};
		6FC8F36B2385B3D60075E6F4 /* movie-listTests */ = {
			isa = PBXGroup;
			children = (
				6F07269F2394ECDB0096A33E /* Helpers */,
				6F07269A2394DDBD0096A33E /* Controllers */,
				6FC8F36E2385B3D60075E6F4 /* Info.plist */,
			);
			path = "movie-listTests";
			sourceTree = "<group>";
		};
		6FEAE63E2385B57500E4F047 /* Model */ = {
			isa = PBXGroup;
			children = (
				6FEAE63F2385B5F600E4F047 /* Genre.swift */,
				6F3704C2238AE72D0080E25E /* GenresList.swift */,
				6FEAE6412385B69000E4F047 /* Movie.swift */,
				6F3065CC23863D6D00446A48 /* MoviesList.swift */,
			);
			path = Model;
			sourceTree = "<group>";
		};
		6FEAE6432385B69A00E4F047 /* ViewModel */ = {
			isa = PBXGroup;
			children = (
				6F3065BB2385C8F900446A48 /* GenreViewModel.swift */,
				6F3704C4238AE7A50080E25E /* GenresListViewModel.swift */,
				6F3065BD2385C90900446A48 /* MovieViewModel.swift */,
				6F3065CE23863E9300446A48 /* MoviesListViewModel.swift */,
			);
			path = ViewModel;
			sourceTree = "<group>";
		};
		6FEAE6442385B6A100E4F047 /* View */ = {
			isa = PBXGroup;
			children = (
				6FFF4E512411D1F200D0FACC /* Commons */,
				6FFF4E542411DBC600D0FACC /* MovieDetail */,
				6FC8F35B2385B3D40075E6F4 /* Main.storyboard */,
				6F49DAAE240B060700E4CE48 /* MovieCellView.swift */,
				6F49DAB0240B5D7200E4CE48 /* MovieLoadingCellView.swift */,
			);
			path = View;
			sourceTree = "<group>";
		};
		6FEAE6452385B6B300E4F047 /* Controller */ = {
			isa = PBXGroup;
			children = (
				6F0726932394A74C0096A33E /* Tabs */,
				6F3065C62385D6F400446A48 /* MovieDetailController.swift */,
				6FFF4E592411EE3E00D0FACC /* MovieDetail2Controller.swift */,
			);
			path = Controller;
			sourceTree = "<group>";
		};
		6FEAE6462385B6C500E4F047 /* Resources */ = {
			isa = PBXGroup;
			children = (
				6F49DAB2240C303400E4CE48 /* Strings */,
				6FC8F35E2385B3D60075E6F4 /* Assets.xcassets */,
				6FAFAC2F238657BE0095609E /* R.generated.swift */,
				6FC8F3632385B3D60075E6F4 /* Info.plist */,
				6FC8F3602385B3D60075E6F4 /* LaunchScreen.storyboard */,
			);
			path = Resources;
			sourceTree = "<group>";
		};
		6FFF4E512411D1F200D0FACC /* Commons */ = {
			isa = PBXGroup;
			children = (
				6F07268B2392FEE10096A33E /* GradientView.swift */,
				6FFF4E522411D21800D0FACC /* StackScrollView.swift */,
			);
			path = Commons;
			sourceTree = "<group>";
		};
		6FFF4E542411DBC600D0FACC /* MovieDetail */ = {
			isa = PBXGroup;
			children = (
				6FFF4E552411DBDE00D0FACC /* MovieDetailHeaderView.swift */,
				6FFF4E572411DBF100D0FACC /* MovieDetailBodyView.swift */,
				6FFF4E5B241203BB00D0FACC /* MovieDetailBackgroundView.swift */,
			);
			path = MovieDetail;
			sourceTree = "<group>";
		};
		A64A13CE29287CC5E8D5CB08 /* Pods */ = {
			isa = PBXGroup;
			children = (
				1231283FCFD15895A59D9A26 /* Pods-movie-list.debug.xcconfig */,
				C56BD5F75419BE05815AA4EB /* Pods-movie-list.release.xcconfig */,
				5B9CD08D2B822633F2DF08B7 /* Pods-movie-listTests.debug.xcconfig */,
				12B3EF00C89766BD677555D0 /* Pods-movie-listTests.release.xcconfig */,
			);
			path = Pods;
			sourceTree = "<group>";
		};
		D11D950D8CC21358E4D87164 /* Frameworks */ = {
			isa = PBXGroup;
			children = (
				2AB4D4F6B5B3404130692D91 /* Pods_movie_list.framework */,
				0E6D61F3D525DAAC54C65CB3 /* Pods_movie_listTests.framework */,
			);
			name = Frameworks;
			sourceTree = "<group>";
		};
/* End PBXGroup section */

/* Begin PBXNativeTarget section */
		6FC8F3532385B3D40075E6F4 /* movie-list */ = {
			isa = PBXNativeTarget;
			buildConfigurationList = 6FC8F3712385B3D60075E6F4 /* Build configuration list for PBXNativeTarget "movie-list" */;
			buildPhases = (
				97EC4480B46F3D68EB184FE7 /* [CP] Check Pods Manifest.lock */,
				6FAFAC2E238656B30095609E /* R.Swift Script */,
				6FC8F3502385B3D40075E6F4 /* Sources */,
				6FC8F3512385B3D40075E6F4 /* Frameworks */,
				6FC8F3522385B3D40075E6F4 /* Resources */,
				BBDB338BBD63C8A324D3A3A9 /* [CP] Embed Pods Frameworks */,
			);
			buildRules = (
			);
			dependencies = (
			);
			name = "movie-list";
			productName = "movie-list";
			productReference = 6FC8F3542385B3D40075E6F4 /* movie-list.app */;
			productType = "com.apple.product-type.application";
		};
		6FC8F3672385B3D60075E6F4 /* movie-listTests */ = {
			isa = PBXNativeTarget;
			buildConfigurationList = 6FC8F3742385B3D60075E6F4 /* Build configuration list for PBXNativeTarget "movie-listTests" */;
			buildPhases = (
				6DA83D9D9E69F25E9FAD17CE /* [CP] Check Pods Manifest.lock */,
				6FC8F3642385B3D60075E6F4 /* Sources */,
				6FC8F3652385B3D60075E6F4 /* Frameworks */,
				6FC8F3662385B3D60075E6F4 /* Resources */,
				0C8F7DD61E1BE219BF6A039C /* [CP] Embed Pods Frameworks */,
			);
			buildRules = (
			);
			dependencies = (
				6FC8F36A2385B3D60075E6F4 /* PBXTargetDependency */,
			);
			name = "movie-listTests";
			productName = "movie-listTests";
			productReference = 6FC8F3682385B3D60075E6F4 /* movie-listTests.xctest */;
			productType = "com.apple.product-type.bundle.unit-test";
		};
/* End PBXNativeTarget section */

/* Begin PBXProject section */
		6FC8F34C2385B3D40075E6F4 /* Project object */ = {
			isa = PBXProject;
			attributes = {
				LastSwiftUpdateCheck = 1020;
				LastUpgradeCheck = 1020;
				ORGANIZATIONNAME = "Marcellus Selga Batista";
				TargetAttributes = {
					6FC8F3532385B3D40075E6F4 = {
						CreatedOnToolsVersion = 10.2.1;
					};
					6FC8F3672385B3D60075E6F4 = {
						CreatedOnToolsVersion = 10.2.1;
						TestTargetID = 6FC8F3532385B3D40075E6F4;
					};
				};
			};
			buildConfigurationList = 6FC8F34F2385B3D40075E6F4 /* Build configuration list for PBXProject "movie-list" */;
			compatibilityVersion = "Xcode 9.3";
			developmentRegion = en;
			hasScannedForEncodings = 0;
			knownRegions = (
				en,
				Base,
			);
			mainGroup = 6FC8F34B2385B3D40075E6F4;
			productRefGroup = 6FC8F3552385B3D40075E6F4 /* Products */;
			projectDirPath = "";
			projectRoot = "";
			targets = (
				6FC8F3532385B3D40075E6F4 /* movie-list */,
				6FC8F3672385B3D60075E6F4 /* movie-listTests */,
			);
		};
/* End PBXProject section */

/* Begin PBXResourcesBuildPhase section */
		6FC8F3522385B3D40075E6F4 /* Resources */ = {
			isa = PBXResourcesBuildPhase;
			buildActionMask = 2147483647;
			files = (
				6F49DAB4240C308A00E4CE48 /* Favorites.strings in Resources */,
				6FC8F3622385B3D60075E6F4 /* LaunchScreen.storyboard in Resources */,
				6FC8F35F2385B3D60075E6F4 /* Assets.xcassets in Resources */,
				6FC8F35D2385B3D40075E6F4 /* Main.storyboard in Resources */,
			);
			runOnlyForDeploymentPostprocessing = 0;
		};
		6FC8F3662385B3D60075E6F4 /* Resources */ = {
			isa = PBXResourcesBuildPhase;
			buildActionMask = 2147483647;
			files = (
			);
			runOnlyForDeploymentPostprocessing = 0;
		};
/* End PBXResourcesBuildPhase section */

/* Begin PBXShellScriptBuildPhase section */
		0C8F7DD61E1BE219BF6A039C /* [CP] Embed Pods Frameworks */ = {
			isa = PBXShellScriptBuildPhase;
			buildActionMask = 2147483647;
			files = (
			);
			inputFileListPaths = (
				"${PODS_ROOT}/Target Support Files/Pods-movie-listTests/Pods-movie-listTests-frameworks-${CONFIGURATION}-input-files.xcfilelist",
			);
			name = "[CP] Embed Pods Frameworks";
			outputFileListPaths = (
				"${PODS_ROOT}/Target Support Files/Pods-movie-listTests/Pods-movie-listTests-frameworks-${CONFIGURATION}-output-files.xcfilelist",
			);
			runOnlyForDeploymentPostprocessing = 0;
			shellPath = /bin/sh;
			shellScript = "\"${PODS_ROOT}/Target Support Files/Pods-movie-listTests/Pods-movie-listTests-frameworks.sh\"\n";
			showEnvVarsInLog = 0;
		};
		6DA83D9D9E69F25E9FAD17CE /* [CP] Check Pods Manifest.lock */ = {
			isa = PBXShellScriptBuildPhase;
			buildActionMask = 2147483647;
			files = (
			);
			inputFileListPaths = (
			);
			inputPaths = (
				"${PODS_PODFILE_DIR_PATH}/Podfile.lock",
				"${PODS_ROOT}/Manifest.lock",
			);
			name = "[CP] Check Pods Manifest.lock";
			outputFileListPaths = (
			);
			outputPaths = (
				"$(DERIVED_FILE_DIR)/Pods-movie-listTests-checkManifestLockResult.txt",
			);
			runOnlyForDeploymentPostprocessing = 0;
			shellPath = /bin/sh;
			shellScript = "diff \"${PODS_PODFILE_DIR_PATH}/Podfile.lock\" \"${PODS_ROOT}/Manifest.lock\" > /dev/null\nif [ $? != 0 ] ; then\n    # print error to STDERR\n    echo \"error: The sandbox is not in sync with the Podfile.lock. Run 'pod install' or update your CocoaPods installation.\" >&2\n    exit 1\nfi\n# This output is used by Xcode 'outputs' to avoid re-running this script phase.\necho \"SUCCESS\" > \"${SCRIPT_OUTPUT_FILE_0}\"\n";
			showEnvVarsInLog = 0;
		};
		6FAFAC2E238656B30095609E /* R.Swift Script */ = {
			isa = PBXShellScriptBuildPhase;
			buildActionMask = 2147483647;
			files = (
			);
			inputFileListPaths = (
			);
			inputPaths = (
				"$TEMP_DIR/rswift-lastrun",
			);
			name = "R.Swift Script";
			outputFileListPaths = (
			);
			outputPaths = (
				$SRCROOT/R.generated.swift,
			);
			runOnlyForDeploymentPostprocessing = 0;
			shellPath = /bin/sh;
			shellScript = "\"$PODS_ROOT/R.swift/rswift\" generate \"$SRCROOT/R.generated.swift\"\n";
		};
		97EC4480B46F3D68EB184FE7 /* [CP] Check Pods Manifest.lock */ = {
			isa = PBXShellScriptBuildPhase;
			buildActionMask = 2147483647;
			files = (
			);
			inputFileListPaths = (
			);
			inputPaths = (
				"${PODS_PODFILE_DIR_PATH}/Podfile.lock",
				"${PODS_ROOT}/Manifest.lock",
			);
			name = "[CP] Check Pods Manifest.lock";
			outputFileListPaths = (
			);
			outputPaths = (
				"$(DERIVED_FILE_DIR)/Pods-movie-list-checkManifestLockResult.txt",
			);
			runOnlyForDeploymentPostprocessing = 0;
			shellPath = /bin/sh;
			shellScript = "diff \"${PODS_PODFILE_DIR_PATH}/Podfile.lock\" \"${PODS_ROOT}/Manifest.lock\" > /dev/null\nif [ $? != 0 ] ; then\n    # print error to STDERR\n    echo \"error: The sandbox is not in sync with the Podfile.lock. Run 'pod install' or update your CocoaPods installation.\" >&2\n    exit 1\nfi\n# This output is used by Xcode 'outputs' to avoid re-running this script phase.\necho \"SUCCESS\" > \"${SCRIPT_OUTPUT_FILE_0}\"\n";
			showEnvVarsInLog = 0;
		};
		BBDB338BBD63C8A324D3A3A9 /* [CP] Embed Pods Frameworks */ = {
			isa = PBXShellScriptBuildPhase;
			buildActionMask = 2147483647;
			files = (
			);
			inputFileListPaths = (
				"${PODS_ROOT}/Target Support Files/Pods-movie-list/Pods-movie-list-frameworks-${CONFIGURATION}-input-files.xcfilelist",
			);
			name = "[CP] Embed Pods Frameworks";
			outputFileListPaths = (
				"${PODS_ROOT}/Target Support Files/Pods-movie-list/Pods-movie-list-frameworks-${CONFIGURATION}-output-files.xcfilelist",
			);
			runOnlyForDeploymentPostprocessing = 0;
			shellPath = /bin/sh;
			shellScript = "\"${PODS_ROOT}/Target Support Files/Pods-movie-list/Pods-movie-list-frameworks.sh\"\n";
			showEnvVarsInLog = 0;
		};
/* End PBXShellScriptBuildPhase section */

/* Begin PBXSourcesBuildPhase section */
		6FC8F3502385B3D40075E6F4 /* Sources */ = {
			isa = PBXSourcesBuildPhase;
			buildActionMask = 2147483647;
			files = (
				6F0726922394A7300096A33E /* TabBaseController.swift in Sources */,
				6FEAE6402385B5F600E4F047 /* Genre.swift in Sources */,
				6FAFAC30238657BE0095609E /* R.generated.swift in Sources */,
				6F3704C3238AE72D0080E25E /* GenresList.swift in Sources */,
				6FFF4E562411DBDE00D0FACC /* MovieDetailHeaderView.swift in Sources */,
				6F3704C5238AE7A50080E25E /* GenresListViewModel.swift in Sources */,
				6FABA8F9238896E3000BAD47 /* UIColor+Extension.swift in Sources */,
				6F3065C72385D6F400446A48 /* MovieDetailController.swift in Sources */,
				6FFF4E5C241203BB00D0FACC /* MovieDetailBackgroundView.swift in Sources */,
				6F3065CD23863D6D00446A48 /* MoviesList.swift in Sources */,
				6F49DAB1240B5D7200E4CE48 /* MovieLoadingCellView.swift in Sources */,
				6F3065C52385D6DA00446A48 /* MoviesListController.swift in Sources */,
				6F07268E2394A51E0096A33E /* ConfigurationController.swift in Sources */,
				6F07269E2394E8190096A33E /* main.swift in Sources */,
				6F3065C92385D71900446A48 /* MovieListAPI.swift in Sources */,
				6F07268C2392FEE10096A33E /* GradientView.swift in Sources */,
				6F3704B92388A4EC0080E25E /* DSTheme.swift in Sources */,
				6FFF4E582411DBF100D0FACC /* MovieDetailBodyView.swift in Sources */,
				6F3065BC2385C8F900446A48 /* GenreViewModel.swift in Sources */,
				6F3065CF23863E9300446A48 /* MoviesListViewModel.swift in Sources */,
				6F3065C02385CDE800446A48 /* GenreAPI.swift in Sources */,
				6F0726952394B6930096A33E /* TabBarController.swift in Sources */,
				6FFF4E5A2411EE3E00D0FACC /* MovieDetail2Controller.swift in Sources */,
				6FEAE6422385B69000E4F047 /* Movie.swift in Sources */,
				6F0726902394A5360096A33E /* FavoritesController.swift in Sources */,
				6FC8F3582385B3D40075E6F4 /* AppDelegate.swift in Sources */,
				6F3065C32385CF6A00446A48 /* JSONDecoder+Extension.swift in Sources */,
				6FAFAC3223865AC30095609E /* ImageWorker.swift in Sources */,
				6FFF4E532411D21800D0FACC /* StackScrollView.swift in Sources */,
				6F49DAAF240B060700E4CE48 /* MovieCellView.swift in Sources */,
				6F3065BE2385C90900446A48 /* MovieViewModel.swift in Sources */,
				6F0726972394BEF10096A33E /* Favorites.swift in Sources */,
			);
			runOnlyForDeploymentPostprocessing = 0;
		};
		6FC8F3642385B3D60075E6F4 /* Sources */ = {
			isa = PBXSourcesBuildPhase;
			buildActionMask = 2147483647;
			files = (
				6F0726992394DDA80096A33E /* MoviesListControllerSpec.swift in Sources */,
				6F0726A12394ECE80096A33E /* WindowHelper.swift in Sources */,
			);
			runOnlyForDeploymentPostprocessing = 0;
		};
/* End PBXSourcesBuildPhase section */

/* Begin PBXTargetDependency section */
		6FC8F36A2385B3D60075E6F4 /* PBXTargetDependency */ = {
			isa = PBXTargetDependency;
			target = 6FC8F3532385B3D40075E6F4 /* movie-list */;
			targetProxy = 6FC8F3692385B3D60075E6F4 /* PBXContainerItemProxy */;
		};
/* End PBXTargetDependency section */

/* Begin PBXVariantGroup section */
		6FC8F35B2385B3D40075E6F4 /* Main.storyboard */ = {
			isa = PBXVariantGroup;
			children = (
				6FC8F35C2385B3D40075E6F4 /* Base */,
			);
			name = Main.storyboard;
			sourceTree = "<group>";
		};
		6FC8F3602385B3D60075E6F4 /* LaunchScreen.storyboard */ = {
			isa = PBXVariantGroup;
			children = (
				6FC8F3612385B3D60075E6F4 /* Base */,
			);
			name = LaunchScreen.storyboard;
			sourceTree = "<group>";
		};
/* End PBXVariantGroup section */

/* Begin XCBuildConfiguration section */
		6FC8F36F2385B3D60075E6F4 /* Debug */ = {
			isa = XCBuildConfiguration;
			buildSettings = {
				ALWAYS_SEARCH_USER_PATHS = NO;
				CLANG_ANALYZER_NONNULL = YES;
				CLANG_ANALYZER_NUMBER_OBJECT_CONVERSION = YES_AGGRESSIVE;
				CLANG_CXX_LANGUAGE_STANDARD = "gnu++14";
				CLANG_CXX_LIBRARY = "libc++";
				CLANG_ENABLE_MODULES = YES;
				CLANG_ENABLE_OBJC_ARC = YES;
				CLANG_ENABLE_OBJC_WEAK = YES;
				CLANG_WARN_BLOCK_CAPTURE_AUTORELEASING = YES;
				CLANG_WARN_BOOL_CONVERSION = YES;
				CLANG_WARN_COMMA = YES;
				CLANG_WARN_CONSTANT_CONVERSION = YES;
				CLANG_WARN_DEPRECATED_OBJC_IMPLEMENTATIONS = YES;
				CLANG_WARN_DIRECT_OBJC_ISA_USAGE = YES_ERROR;
				CLANG_WARN_DOCUMENTATION_COMMENTS = YES;
				CLANG_WARN_EMPTY_BODY = YES;
				CLANG_WARN_ENUM_CONVERSION = YES;
				CLANG_WARN_INFINITE_RECURSION = YES;
				CLANG_WARN_INT_CONVERSION = YES;
				CLANG_WARN_NON_LITERAL_NULL_CONVERSION = YES;
				CLANG_WARN_OBJC_IMPLICIT_RETAIN_SELF = YES;
				CLANG_WARN_OBJC_LITERAL_CONVERSION = YES;
				CLANG_WARN_OBJC_ROOT_CLASS = YES_ERROR;
				CLANG_WARN_RANGE_LOOP_ANALYSIS = YES;
				CLANG_WARN_STRICT_PROTOTYPES = YES;
				CLANG_WARN_SUSPICIOUS_MOVE = YES;
				CLANG_WARN_UNGUARDED_AVAILABILITY = YES_AGGRESSIVE;
				CLANG_WARN_UNREACHABLE_CODE = YES;
				CLANG_WARN__DUPLICATE_METHOD_MATCH = YES;
				CODE_SIGN_IDENTITY = "iPhone Developer";
				COPY_PHASE_STRIP = NO;
				DEBUG_INFORMATION_FORMAT = dwarf;
				ENABLE_STRICT_OBJC_MSGSEND = YES;
				ENABLE_TESTABILITY = YES;
				GCC_C_LANGUAGE_STANDARD = gnu11;
				GCC_DYNAMIC_NO_PIC = NO;
				GCC_NO_COMMON_BLOCKS = YES;
				GCC_OPTIMIZATION_LEVEL = 0;
				GCC_PREPROCESSOR_DEFINITIONS = (
					"DEBUG=1",
					"$(inherited)",
				);
				GCC_WARN_64_TO_32_BIT_CONVERSION = YES;
				GCC_WARN_ABOUT_RETURN_TYPE = YES_ERROR;
				GCC_WARN_UNDECLARED_SELECTOR = YES;
				GCC_WARN_UNINITIALIZED_AUTOS = YES_AGGRESSIVE;
				GCC_WARN_UNUSED_FUNCTION = YES;
				GCC_WARN_UNUSED_VARIABLE = YES;
				IPHONEOS_DEPLOYMENT_TARGET = 10.0;
				MTL_ENABLE_DEBUG_INFO = INCLUDE_SOURCE;
				MTL_FAST_MATH = YES;
				ONLY_ACTIVE_ARCH = YES;
				SDKROOT = iphoneos;
				SWIFT_ACTIVE_COMPILATION_CONDITIONS = DEBUG;
				SWIFT_OPTIMIZATION_LEVEL = "-Onone";
			};
			name = Debug;
		};
		6FC8F3702385B3D60075E6F4 /* Release */ = {
			isa = XCBuildConfiguration;
			buildSettings = {
				ALWAYS_SEARCH_USER_PATHS = NO;
				CLANG_ANALYZER_NONNULL = YES;
				CLANG_ANALYZER_NUMBER_OBJECT_CONVERSION = YES_AGGRESSIVE;
				CLANG_CXX_LANGUAGE_STANDARD = "gnu++14";
				CLANG_CXX_LIBRARY = "libc++";
				CLANG_ENABLE_MODULES = YES;
				CLANG_ENABLE_OBJC_ARC = YES;
				CLANG_ENABLE_OBJC_WEAK = YES;
				CLANG_WARN_BLOCK_CAPTURE_AUTORELEASING = YES;
				CLANG_WARN_BOOL_CONVERSION = YES;
				CLANG_WARN_COMMA = YES;
				CLANG_WARN_CONSTANT_CONVERSION = YES;
				CLANG_WARN_DEPRECATED_OBJC_IMPLEMENTATIONS = YES;
				CLANG_WARN_DIRECT_OBJC_ISA_USAGE = YES_ERROR;
				CLANG_WARN_DOCUMENTATION_COMMENTS = YES;
				CLANG_WARN_EMPTY_BODY = YES;
				CLANG_WARN_ENUM_CONVERSION = YES;
				CLANG_WARN_INFINITE_RECURSION = YES;
				CLANG_WARN_INT_CONVERSION = YES;
				CLANG_WARN_NON_LITERAL_NULL_CONVERSION = YES;
				CLANG_WARN_OBJC_IMPLICIT_RETAIN_SELF = YES;
				CLANG_WARN_OBJC_LITERAL_CONVERSION = YES;
				CLANG_WARN_OBJC_ROOT_CLASS = YES_ERROR;
				CLANG_WARN_RANGE_LOOP_ANALYSIS = YES;
				CLANG_WARN_STRICT_PROTOTYPES = YES;
				CLANG_WARN_SUSPICIOUS_MOVE = YES;
				CLANG_WARN_UNGUARDED_AVAILABILITY = YES_AGGRESSIVE;
				CLANG_WARN_UNREACHABLE_CODE = YES;
				CLANG_WARN__DUPLICATE_METHOD_MATCH = YES;
				CODE_SIGN_IDENTITY = "iPhone Developer";
				COPY_PHASE_STRIP = NO;
				DEBUG_INFORMATION_FORMAT = "dwarf-with-dsym";
				ENABLE_NS_ASSERTIONS = NO;
				ENABLE_STRICT_OBJC_MSGSEND = YES;
				GCC_C_LANGUAGE_STANDARD = gnu11;
				GCC_NO_COMMON_BLOCKS = YES;
				GCC_WARN_64_TO_32_BIT_CONVERSION = YES;
				GCC_WARN_ABOUT_RETURN_TYPE = YES_ERROR;
				GCC_WARN_UNDECLARED_SELECTOR = YES;
				GCC_WARN_UNINITIALIZED_AUTOS = YES_AGGRESSIVE;
				GCC_WARN_UNUSED_FUNCTION = YES;
				GCC_WARN_UNUSED_VARIABLE = YES;
				IPHONEOS_DEPLOYMENT_TARGET = 10.0;
				MTL_ENABLE_DEBUG_INFO = NO;
				MTL_FAST_MATH = YES;
				SDKROOT = iphoneos;
				SWIFT_COMPILATION_MODE = wholemodule;
				SWIFT_OPTIMIZATION_LEVEL = "-O";
				VALIDATE_PRODUCT = YES;
			};
			name = Release;
		};
		6FC8F3722385B3D60075E6F4 /* Debug */ = {
			isa = XCBuildConfiguration;
			baseConfigurationReference = 1231283FCFD15895A59D9A26 /* Pods-movie-list.debug.xcconfig */;
			buildSettings = {
				ALWAYS_EMBED_SWIFT_STANDARD_LIBRARIES = "$(inherited)";
				ASSETCATALOG_COMPILER_APPICON_NAME = AppIcon;
				CODE_SIGN_STYLE = Automatic;
				DEFINES_MODULE = YES;
				INFOPLIST_FILE = "$(SRCROOT)/movie-list/Resources/Info.plist";
				IPHONEOS_DEPLOYMENT_TARGET = 10.0;
				LD_RUNPATH_SEARCH_PATHS = (
					"$(inherited)",
					"@executable_path/Frameworks",
				);
				MODULE_NAME = "";
				PRODUCT_BUNDLE_IDENTIFIER = "br.com.marcellus.movie-list";
				PRODUCT_NAME = "$(TARGET_NAME)";
				SWIFT_VERSION = 5.0;
				TARGETED_DEVICE_FAMILY = 1;
			};
			name = Debug;
		};
		6FC8F3732385B3D60075E6F4 /* Release */ = {
			isa = XCBuildConfiguration;
			baseConfigurationReference = C56BD5F75419BE05815AA4EB /* Pods-movie-list.release.xcconfig */;
			buildSettings = {
				ALWAYS_EMBED_SWIFT_STANDARD_LIBRARIES = "$(inherited)";
				ASSETCATALOG_COMPILER_APPICON_NAME = AppIcon;
				CODE_SIGN_STYLE = Automatic;
				DEFINES_MODULE = YES;
				INFOPLIST_FILE = "$(SRCROOT)/movie-list/Resources/Info.plist";
				IPHONEOS_DEPLOYMENT_TARGET = 10.0;
				LD_RUNPATH_SEARCH_PATHS = (
					"$(inherited)",
					"@executable_path/Frameworks",
				);
				MODULE_NAME = "";
				PRODUCT_BUNDLE_IDENTIFIER = "br.com.marcellus.movie-list";
				PRODUCT_NAME = "$(TARGET_NAME)";
				SWIFT_VERSION = 5.0;
				TARGETED_DEVICE_FAMILY = 1;
			};
			name = Release;
		};
		6FC8F3752385B3D60075E6F4 /* Debug */ = {
			isa = XCBuildConfiguration;
			baseConfigurationReference = 5B9CD08D2B822633F2DF08B7 /* Pods-movie-listTests.debug.xcconfig */;
			buildSettings = {
				ALWAYS_EMBED_SWIFT_STANDARD_LIBRARIES = YES;
				BUNDLE_LOADER = "$(TEST_HOST)";
				CODE_SIGN_STYLE = Automatic;
				INFOPLIST_FILE = "movie-listTests/Info.plist";
				LD_RUNPATH_SEARCH_PATHS = (
					"$(inherited)",
					"@executable_path/Frameworks",
					"@loader_path/Frameworks",
				);
				PRODUCT_BUNDLE_IDENTIFIER = "br.com.marcellus.movie-listTests";
				PRODUCT_NAME = "$(TARGET_NAME)";
				SWIFT_VERSION = 5.0;
				TARGETED_DEVICE_FAMILY = "1,2";
				TEST_HOST = "$(BUILT_PRODUCTS_DIR)/movie-list.app/movie-list";
			};
			name = Debug;
		};
		6FC8F3762385B3D60075E6F4 /* Release */ = {
			isa = XCBuildConfiguration;
			baseConfigurationReference = 12B3EF00C89766BD677555D0 /* Pods-movie-listTests.release.xcconfig */;
			buildSettings = {
				ALWAYS_EMBED_SWIFT_STANDARD_LIBRARIES = YES;
				BUNDLE_LOADER = "$(TEST_HOST)";
				CODE_SIGN_STYLE = Automatic;
				INFOPLIST_FILE = "movie-listTests/Info.plist";
				LD_RUNPATH_SEARCH_PATHS = (
					"$(inherited)",
					"@executable_path/Frameworks",
					"@loader_path/Frameworks",
				);
				PRODUCT_BUNDLE_IDENTIFIER = "br.com.marcellus.movie-listTests";
				PRODUCT_NAME = "$(TARGET_NAME)";
				SWIFT_VERSION = 5.0;
				TARGETED_DEVICE_FAMILY = "1,2";
				TEST_HOST = "$(BUILT_PRODUCTS_DIR)/movie-list.app/movie-list";
			};
			name = Release;
		};
/* End XCBuildConfiguration section */

/* Begin XCConfigurationList section */
		6FC8F34F2385B3D40075E6F4 /* Build configuration list for PBXProject "movie-list" */ = {
			isa = XCConfigurationList;
			buildConfigurations = (
				6FC8F36F2385B3D60075E6F4 /* Debug */,
				6FC8F3702385B3D60075E6F4 /* Release */,
			);
			defaultConfigurationIsVisible = 0;
			defaultConfigurationName = Release;
		};
		6FC8F3712385B3D60075E6F4 /* Build configuration list for PBXNativeTarget "movie-list" */ = {
			isa = XCConfigurationList;
			buildConfigurations = (
				6FC8F3722385B3D60075E6F4 /* Debug */,
				6FC8F3732385B3D60075E6F4 /* Release */,
			);
			defaultConfigurationIsVisible = 0;
			defaultConfigurationName = Release;
		};
		6FC8F3742385B3D60075E6F4 /* Build configuration list for PBXNativeTarget "movie-listTests" */ = {
			isa = XCConfigurationList;
			buildConfigurations = (
				6FC8F3752385B3D60075E6F4 /* Debug */,
				6FC8F3762385B3D60075E6F4 /* Release */,
			);
			defaultConfigurationIsVisible = 0;
			defaultConfigurationName = Release;
		};
/* End XCConfigurationList section */
	};
	rootObject = 6FC8F34C2385B3D40075E6F4 /* Project object */;
}
